PODS:
  - Alamofire (4.9.1)
  - BEEFormKit (1.0.0):
    - BEEFormKit/Core (= 1.0.0)
    - BEEFormKit/Extension (= 1.0.0)
  - BEEFormKit/Core (1.0.0):
    - BEEFormKit/Extension
  - BEEFormKit/Extension (1.0.0)
  - BeeKit-Swift (1.0.0):
    - BeeKit-Swift/BeeAppDelegate (= 1.0.0)
    - BeeKit-Swift/BeeAuto (= 1.0.0)
    - BeeKit-Swift/BeeCore (= 1.0.0)
    - BeeKit-Swift/BeeLimitInput (= 1.0.0)
    - BeeKit-Swift/BeeNavigationBar (= 1.0.0)
    - BeeKit-Swift/BeeNavigator (= 1.0.0)
    - BeeKit-Swift/BeeTheme (= 1.0.0)
  - BeeKit-Swift/BeeAppDelegate (1.0.0)
  - BeeKit-Swift/BeeAuto (1.0.0)
  - BeeKit-Swift/BeeCore (1.0.0):
    - CocoaLumberjack/Swift
    - MBProgressHUD
    - MJRefresh
    - SwifterSwift
    - SwiftValidators
    - SwiftyAttributes
  - BeeKit-Swift/BeeLimitInput (1.0.0):
    - BeeKit-Swift/BeeCore
    - Smile
  - BeeKit-Swift/BeeNavigationBar (1.0.0):
    - BeeKit-Swift/BeeCore
    - EachNavigationBar
  - BeeKit-Swift/BeeNavigator (1.0.0)
  - BeeKit-Swift/BeeTheme (1.0.0)
  - BEENetwork (1.0.0):
    - BEENetwork/Core (= 1.0.0)
  - BEENetwork/Core (1.0.0):
    - BEENetwork/MoyaSugar
    - BEENetwork/RxMoya
    - BEENetwork/RxObjectMapper
    - Moya
  - BEENetwork/MoyaSugar (1.0.0):
    - Moya
  - BEENetwork/RxMoya (1.0.0):
    - Moya
    - RxSwift (>= 5.0.0)
  - BEENetwork/RxObjectMapper (1.0.0):
    - Moya
    - ObjectMapper
    - RxSwift (>= 5.0.0)
  - BEEPopupKit (1.0.4):
    - QuickLayout
  - BEETableKit (1.0.0)
  - CocoaLumberjack (3.7.0):
    - CocoaLumberjack/Core (= 3.7.0)
  - CocoaLumberjack/Core (3.7.0)
  - CocoaLumberjack/Swift (3.7.0):
    - CocoaLumberjack/Core
  - DoraemonKit/Core (3.0.2)
  - DoraemonKit/WithLogger (3.0.2):
    - CocoaLumberjack
    - DoraemonKit/Core
  - DoraemonKit/WithMLeaksFinder (3.0.2):
    - DoraemonKit/Core
  - EachNavigationBar (1.14.5)
  - MBProgressHUD (1.2.0)
  - MJRefresh (3.5.0)
  - Moya (13.0.1):
    - Moya/Core (= 13.0.1)
  - Moya/Core (13.0.1):
    - Alamofire (~> 4.1)
    - Result (~> 4.1)
  - ObjectMapper (4.2.0)
  - PermissionKit (1.2.0):
    - PermissionKit/Core (= 1.2.0)
  - PermissionKit/Core (1.2.0)
  - PinLayout (1.9.3)
  - QuickLayout (3.0.0)
  - Result (4.1.0)
  - RxCocoa (5.1.1):
    - RxRelay (~> 5)
    - RxSwift (~> 5)
  - RxRelay (5.1.1):
    - RxSwift (~> 5)
  - RxSwift (5.1.1)
  - RxWebKit (1.0.2):
    - RxCocoa (~> 5.0)
    - RxSwift (~> 5.0)
  - Smile (2.0.0)
  - SnapKit (4.2.0)
  - SwifterSwift (5.1.0):
    - SwifterSwift/AppKit (= 5.1.0)
    - SwifterSwift/CoreGraphics (= 5.1.0)
    - SwifterSwift/CoreLocation (= 5.1.0)
    - SwifterSwift/Dispatch (= 5.1.0)
    - SwifterSwift/Foundation (= 5.1.0)
    - SwifterSwift/MapKit (= 5.1.0)
    - SwifterSwift/SceneKit (= 5.1.0)
    - SwifterSwift/SpriteKit (= 5.1.0)
    - SwifterSwift/SwiftStdlib (= 5.1.0)
    - SwifterSwift/UIKit (= 5.1.0)
  - SwifterSwift/AppKit (5.1.0)
  - SwifterSwift/CoreGraphics (5.1.0)
  - SwifterSwift/CoreLocation (5.1.0)
  - SwifterSwift/Dispatch (5.1.0)
  - SwifterSwift/Foundation (5.1.0)
  - SwifterSwift/MapKit (5.1.0)
  - SwifterSwift/SceneKit (5.1.0)
  - SwifterSwift/SpriteKit (5.1.0)
  - SwifterSwift/SwiftStdlib (5.1.0)
  - SwifterSwift/UIKit (5.1.0)
  - SwiftValidators (9.0.3)
  - SwiftyAttributes (5.1.1)

DEPENDENCIES:
  - BEEFormKit
  - BeeKit-Swift (from `../`)
  - BEENetwork
  - BEEPopupKit
  - BEETableKit
  - DoraemonKit/Core (from `https://gitee.com/yixiangboy/DoraemonKit.git`, tag `3.0.2`)
  - DoraemonKit/WithLogger (from `https://gitee.com/yixiangboy/DoraemonKit.git`, tag `3.0.2`)
  - DoraemonKit/WithMLeaksFinder (from `https://gitee.com/yixiangboy/DoraemonKit.git`, tag `3.0.2`)
  - PermissionKit
  - PinLayout
  - RxCocoa
  - RxSwift
  - RxWebKit
  - SnapKit

SPEC REPOS:
  https://github.com/CocoaPods/Specs.git:
    - Alamofire
    - BEEFormKit
    - BEENetwork
    - BEEPopupKit
    - BEETableKit
    - CocoaLumberjack
    - EachNavigationBar
    - MBProgressHUD
    - MJRefresh
    - Moya
    - ObjectMapper
    - PermissionKit
    - PinLayout
    - QuickLayout
    - Result
    - RxCocoa
    - RxRelay
    - RxSwift
    - RxWebKit
    - Smile
    - SnapKit
    - SwifterSwift
    - SwiftValidators
    - SwiftyAttributes

EXTERNAL SOURCES:
  BeeKit-Swift:
    :path: "../"
  DoraemonKit:
    :git: https://gitee.com/yixiangboy/DoraemonKit.git
    :tag: 3.0.2

CHECKOUT OPTIONS:
  DoraemonKit:
    :git: https://gitee.com/yixiangboy/DoraemonKit.git
    :tag: 3.0.2

SPEC CHECKSUMS:
  Alamofire: 85e8a02c69d6020a0d734f6054870d7ecb75cf18
  BEEFormKit: 03f5fc3a9c2642b0ccfab55261c093337f43387f
  BeeKit-Swift: 507fa5cf5cc4e9bfedfda01930463b5db431d3ff
  BEENetwork: 3d6ac8411fd3a721e3c43d50666a1305b431d6cd
  BEEPopupKit: e68c2677f260d4b315c436ddb39106ba5666935c
  BEETableKit: bc5127fff06769d0833162973bd6011fc994309c
  CocoaLumberjack: e8955b9d337ac307103b0a34fd141c32f27e53c5
  DoraemonKit: 0740089a373899c8d462df9ee824fcdd97a68da3
  EachNavigationBar: 5a35d264688f7463042c7eb71799cb232ee44df1
  MBProgressHUD: 3ee5efcc380f6a79a7cc9b363dd669c5e1ae7406
  MJRefresh: 6afc955813966afb08305477dd7a0d9ad5e79a16
  Moya: f4a4b80ff2f8a4ffc208dfb31cd91636622fee6e
  ObjectMapper: 1eb41f610210777375fa806bf161dc39fb832b81
  PermissionKit: f95c7f5a9899119613788104064f907623ef5e49
  PinLayout: 4d8733121f8687edcc8f00c19bf1379d12808767
  QuickLayout: 07b45a72b10083fee3f095990cfed1c1e7b27f0a
  Result: bd966fac789cc6c1563440b348ab2598cc24d5c7
  RxCocoa: 32065309a38d29b5b0db858819b5bf9ef038b601
  RxRelay: d77f7d771495f43c556cbc43eebd1bb54d01e8e9
  RxSwift: 81470a2074fa8780320ea5fe4102807cb7118178
  RxWebKit: a3085e7cd8b57182b452692686675702474014dd
  Smile: 21ff6c48e06ecfcee605cca32aedd74d5810e34a
  SnapKit: fe8a619752f3f27075cc9a90244d75c6c3f27e2a
  SwifterSwift: a9e8e144832638c2850b43da5feaf9598c6ad65b
  SwiftValidators: b1cb650ce02ef6ad894f1d471f970b249c794342
  SwiftyAttributes: e3e13891ddac3c62b3d7798d5c3969cea88e62bb

PODFILE CHECKSUM: e3decb3fc0a5c520bd076c69b3efd83e40fd7286

COCOAPODS: 1.9.1
