// !$*UTF8*$!
{
	archiveVersion = 1;
	classes = {
	};
	objectVersion = 46;
	objects = {

/* Begin PBXBuildFile section */
		0413013525BEBE6D00F96D1E /* UIKitDetailViewController.swift in Sources */ = {isa = PBXBuildFile; fileRef = 0413013425BEBE6D00F96D1E /* UIKitDetailViewController.swift */; };
		0413019325BEC7D900F96D1E /* FoundationDetailViewController.swift in Sources */ = {isa = PBXBuildFile; fileRef = 0413019225BEC7D900F96D1E /* FoundationDetailViewController.swift */; };
		041A964225A30035001B1462 /* AppTheme.swift in Sources */ = {isa = PBXBuildFile; fileRef = 041A964125A30035001B1462 /* AppTheme.swift */; };
		041A965025A30353001B1462 /* AppTheme.plist in Resources */ = {isa = PBXBuildFile; fileRef = 041A964F25A30353001B1462 /* AppTheme.plist */; };
		041A966D25A311E2001B1462 /* Window.swift in Sources */ = {isa = PBXBuildFile; fileRef = 041A966C25A311E2001B1462 /* Window.swift */; };
		0457FF0725AC4B3E009BD675 /* ThemeApplicationService.swift in Sources */ = {isa = PBXBuildFile; fileRef = 0457FF0625AC4B3E009BD675 /* ThemeApplicationService.swift */; };
		0457FF0B25AC4B63009BD675 /* NavigationApplicationService.swift in Sources */ = {isa = PBXBuildFile; fileRef = 0457FF0A25AC4B63009BD675 /* NavigationApplicationService.swift */; };
		0457FF1125AC4E39009BD675 /* AppContants.swift in Sources */ = {isa = PBXBuildFile; fileRef = 0457FF1025AC4E39009BD675 /* AppContants.swift */; };
		0457FF1925AC4FC6009BD675 /* DebugingApplicationService.swift in Sources */ = {isa = PBXBuildFile; fileRef = 0457FF1825AC4FC6009BD675 /* DebugingApplicationService.swift */; };
		0457FF5025AC51AE009BD675 /* AppThemeService+Custom.swift in Sources */ = {isa = PBXBuildFile; fileRef = 0457FF4F25AC51AE009BD675 /* AppThemeService+Custom.swift */; };
		0457FF5625AC524A009BD675 /* AppThemeService.swift in Sources */ = {isa = PBXBuildFile; fileRef = 0457FF5525AC524A009BD675 /* AppThemeService.swift */; };
		0457FF7A25AC538B009BD675 /* WebViewController.swift in Sources */ = {isa = PBXBuildFile; fileRef = 0457FF7925AC538B009BD675 /* WebViewController.swift */; };
		0457FF8325AC53BA009BD675 /* CollectionViewController.swift in Sources */ = {isa = PBXBuildFile; fileRef = 0457FF7D25AC53B9009BD675 /* CollectionViewController.swift */; };
		0457FF8425AC53BA009BD675 /* TableViewController.swift in Sources */ = {isa = PBXBuildFile; fileRef = 0457FF7E25AC53B9009BD675 /* TableViewController.swift */; };
		0457FF8625AC53BA009BD675 /* TabBarController.swift in Sources */ = {isa = PBXBuildFile; fileRef = 0457FF8025AC53BA009BD675 /* TabBarController.swift */; };
		0457FF8725AC53BA009BD675 /* ViewController.swift in Sources */ = {isa = PBXBuildFile; fileRef = 0457FF8125AC53BA009BD675 /* ViewController.swift */; };
		0457FF8825AC53BA009BD675 /* NavigationController.swift in Sources */ = {isa = PBXBuildFile; fileRef = 0457FF8225AC53BA009BD675 /* NavigationController.swift */; };
		0457FF9025AC5414009BD675 /* PageModel.swift in Sources */ = {isa = PBXBuildFile; fileRef = 0457FF8F25AC5414009BD675 /* PageModel.swift */; };
		0457FF9C25AC55EE009BD675 /* CommonMacro.swift in Sources */ = {isa = PBXBuildFile; fileRef = 0457FF9B25AC55EE009BD675 /* CommonMacro.swift */; };
		0457FFD425AC56EE009BD675 /* ThirdApplicationService.swift in Sources */ = {isa = PBXBuildFile; fileRef = 0457FFD325AC56EE009BD675 /* ThirdApplicationService.swift */; };
		045AC5E826005EF400214C04 /* BusinessNavigationMap.swift in Sources */ = {isa = PBXBuildFile; fileRef = 045AC5E726005EF400214C04 /* BusinessNavigationMap.swift */; };
		045AC6B226007C5900214C04 /* ReachabilityApplicationService.swift in Sources */ = {isa = PBXBuildFile; fileRef = 045AC6B126007C5900214C04 /* ReachabilityApplicationService.swift */; };
		045AC79B2600819000214C04 /* SocialApplicationService.swift in Sources */ = {isa = PBXBuildFile; fileRef = 045AC79A2600819000214C04 /* SocialApplicationService.swift */; };
		045AC7E62600850A00214C04 /* R.generated.swift in Sources */ = {isa = PBXBuildFile; fileRef = 045AC7E52600850A00214C04 /* R.generated.swift */; };
		045AC87B26008F4600214C04 /* HTTPHeader.swift in Sources */ = {isa = PBXBuildFile; fileRef = 045AC87A26008F4600214C04 /* HTTPHeader.swift */; };
		045AC8832600906100214C04 /* HTTPRequest.swift in Sources */ = {isa = PBXBuildFile; fileRef = 045AC8822600906100214C04 /* HTTPRequest.swift */; };
		045AC88F2600912700214C04 /* UIImage+ImageCompress.m in Sources */ = {isa = PBXBuildFile; fileRef = 045AC88A2600912700214C04 /* UIImage+ImageCompress.m */; };
		045AC8902600912700214C04 /* UIImage+FixOrientation.m in Sources */ = {isa = PBXBuildFile; fileRef = 045AC88D2600912700214C04 /* UIImage+FixOrientation.m */; };
		045AC8EE2600AF1300214C04 /* SPScanManager.m in Sources */ = {isa = PBXBuildFile; fileRef = 045AC8EB2600AF1300214C04 /* SPScanManager.m */; };
		045AC8EF2600AF1300214C04 /* SPScanCodeGenerator.m in Sources */ = {isa = PBXBuildFile; fileRef = 045AC8EC2600AF1300214C04 /* SPScanCodeGenerator.m */; };
		045AC8F02600AF1300214C04 /* SPScanResult.m in Sources */ = {isa = PBXBuildFile; fileRef = 045AC8ED2600AF1300214C04 /* SPScanResult.m */; };
		0466CCF926019ADE00247628 /* TestViewController.swift in Sources */ = {isa = PBXBuildFile; fileRef = 0466CCF826019ADE00247628 /* TestViewController.swift */; };
		047A7F9B25C92E0200BAFD11 /* UIKitAnimationViewController.swift in Sources */ = {isa = PBXBuildFile; fileRef = 047A7F9A25C92E0200BAFD11 /* UIKitAnimationViewController.swift */; };
		047E389F25C2A64C008EDD4C /* Localizable.strings in Resources */ = {isa = PBXBuildFile; fileRef = 047E38A125C2A64C008EDD4C /* Localizable.strings */; };
		047E38A925C2A70C008EDD4C /* Info.plist in Resources */ = {isa = PBXBuildFile; fileRef = 047E38A725C2A70C008EDD4C /* Info.plist */; };
		04B182D025B0307100368FAA /* TabBarViewController.swift in Sources */ = {isa = PBXBuildFile; fileRef = 04B182CF25B0307100368FAA /* TabBarViewController.swift */; };
		04B182DE25B0319100368FAA /* BEEKitListViewController.swift in Sources */ = {isa = PBXBuildFile; fileRef = 04B182DD25B0319100368FAA /* BEEKitListViewController.swift */; };
		04B182E525B031B900368FAA /* FoundationListViewController.swift in Sources */ = {isa = PBXBuildFile; fileRef = 04B182E425B031B900368FAA /* FoundationListViewController.swift */; };
		04B182EC25B031DA00368FAA /* UIKitListViewController.swift in Sources */ = {isa = PBXBuildFile; fileRef = 04B182EB25B031DA00368FAA /* UIKitListViewController.swift */; };
		04B1831125B035B900368FAA /* DemoListTableViewCell.swift in Sources */ = {isa = PBXBuildFile; fileRef = 04B1831025B035B900368FAA /* DemoListTableViewCell.swift */; };
		04B1832D25B0410000368FAA /* BEEKItDetailsViewController.swift in Sources */ = {isa = PBXBuildFile; fileRef = 04B1832C25B0410000368FAA /* BEEKItDetailsViewController.swift */; };
		04B1833F25B133BD00368FAA /* Permission.swift in Sources */ = {isa = PBXBuildFile; fileRef = 04B1833D25B133BD00368FAA /* Permission.swift */; };
		04B1834025B133BD00368FAA /* ChineseAlertContent.swift in Sources */ = {isa = PBXBuildFile; fileRef = 04B1833E25B133BD00368FAA /* ChineseAlertContent.swift */; };
		04D92C19260C26D90054FFBA /* NetworkService.swift in Sources */ = {isa = PBXBuildFile; fileRef = 04D92C18260C26D90054FFBA /* NetworkService.swift */; };
		04DDB8A225B82902006E83EC /* BEEIconFont.swift in Sources */ = {isa = PBXBuildFile; fileRef = 04DDB8A025B82902006E83EC /* BEEIconFont.swift */; };
		04DDB8A325B82902006E83EC /* iconfont.ttf in Resources */ = {isa = PBXBuildFile; fileRef = 04DDB8A125B82902006E83EC /* iconfont.ttf */; };
		04EE57CB260DB2CA00FAE23D /* NetworkService+User.swift in Sources */ = {isa = PBXBuildFile; fileRef = 04EE57CA260DB2CA00FAE23D /* NetworkService+User.swift */; };
		04EE57D1260DB54000FAE23D /* LoggingPlugin.swift in Sources */ = {isa = PBXBuildFile; fileRef = 04EE57D0260DB54000FAE23D /* LoggingPlugin.swift */; };
		607FACD61AFB9204008FA782 /* AppDelegate.swift in Sources */ = {isa = PBXBuildFile; fileRef = 607FACD51AFB9204008FA782 /* AppDelegate.swift */; };
		607FACDB1AFB9204008FA782 /* Main.storyboard in Resources */ = {isa = PBXBuildFile; fileRef = 607FACD91AFB9204008FA782 /* Main.storyboard */; };
		607FACDD1AFB9204008FA782 /* Images.xcassets in Resources */ = {isa = PBXBuildFile; fileRef = 607FACDC1AFB9204008FA782 /* Images.xcassets */; };
		607FACE01AFB9204008FA782 /* LaunchScreen.xib in Resources */ = {isa = PBXBuildFile; fileRef = 607FACDE1AFB9204008FA782 /* LaunchScreen.xib */; };
		607FACEC1AFB9204008FA782 /* Tests.swift in Sources */ = {isa = PBXBuildFile; fileRef = 607FACEB1AFB9204008FA782 /* Tests.swift */; };
		7F3DFE195529583D18E593AA /* Pods_BeeKit_Tests.framework in Frameworks */ = {isa = PBXBuildFile; fileRef = 9DD7D56D530BA622B1F7FC73 /* Pods_BeeKit_Tests.framework */; };
		A9AEE593089E79A21581C381 /* Pods_BeeKit_Example.framework in Frameworks */ = {isa = PBXBuildFile; fileRef = 3B8B5B5023F00AA8D75ACE93 /* Pods_BeeKit_Example.framework */; };
		F196B20225A03DC1005D5DE3 /* AppEnv.swift in Sources */ = {isa = PBXBuildFile; fileRef = F196B20125A03DC1005D5DE3 /* AppEnv.swift */; };
		F196B20E25A04172005D5DE3 /* RootApplicationService.swift in Sources */ = {isa = PBXBuildFile; fileRef = F196B20D25A04172005D5DE3 /* RootApplicationService.swift */; };
		F196B24825A04317005D5DE3 /* NavigationMap.swift in Sources */ = {isa = PBXBuildFile; fileRef = F196B24625A04316005D5DE3 /* NavigationMap.swift */; };
		F196B24925A04317005D5DE3 /* CommonNavigationMap.swift in Sources */ = {isa = PBXBuildFile; fileRef = F196B24725A04317005D5DE3 /* CommonNavigationMap.swift */; };
/* End PBXBuildFile section */

/* Begin PBXContainerItemProxy section */
		607FACE61AFB9204008FA782 /* PBXContainerItemProxy */ = {
			isa = PBXContainerItemProxy;
			containerPortal = 607FACC81AFB9204008FA782 /* Project object */;
			proxyType = 1;
			remoteGlobalIDString = 607FACCF1AFB9204008FA782;
			remoteInfo = BeeKit;
		};
/* End PBXContainerItemProxy section */

/* Begin PBXFileReference section */
		0413013425BEBE6D00F96D1E /* UIKitDetailViewController.swift */ = {isa = PBXFileReference; lastKnownFileType = sourcecode.swift; path = UIKitDetailViewController.swift; sourceTree = "<group>"; };
		0413019225BEC7D900F96D1E /* FoundationDetailViewController.swift */ = {isa = PBXFileReference; lastKnownFileType = sourcecode.swift; path = FoundationDetailViewController.swift; sourceTree = "<group>"; };
		041A964125A30035001B1462 /* AppTheme.swift */ = {isa = PBXFileReference; lastKnownFileType = sourcecode.swift; path = AppTheme.swift; sourceTree = "<group>"; };
		041A964F25A30353001B1462 /* AppTheme.plist */ = {isa = PBXFileReference; lastKnownFileType = text.plist.xml; path = AppTheme.plist; sourceTree = "<group>"; };
		041A966C25A311E2001B1462 /* Window.swift */ = {isa = PBXFileReference; lastKnownFileType = sourcecode.swift; path = Window.swift; sourceTree = "<group>"; };
		0457FF0625AC4B3E009BD675 /* ThemeApplicationService.swift */ = {isa = PBXFileReference; lastKnownFileType = sourcecode.swift; path = ThemeApplicationService.swift; sourceTree = "<group>"; };
		0457FF0A25AC4B63009BD675 /* NavigationApplicationService.swift */ = {isa = PBXFileReference; lastKnownFileType = sourcecode.swift; path = NavigationApplicationService.swift; sourceTree = "<group>"; };
		0457FF1025AC4E39009BD675 /* AppContants.swift */ = {isa = PBXFileReference; lastKnownFileType = sourcecode.swift; path = AppContants.swift; sourceTree = "<group>"; };
		0457FF1825AC4FC6009BD675 /* DebugingApplicationService.swift */ = {isa = PBXFileReference; lastKnownFileType = sourcecode.swift; path = DebugingApplicationService.swift; sourceTree = "<group>"; };
		0457FF4F25AC51AE009BD675 /* AppThemeService+Custom.swift */ = {isa = PBXFileReference; lastKnownFileType = sourcecode.swift; path = "AppThemeService+Custom.swift"; sourceTree = "<group>"; };
		0457FF5525AC524A009BD675 /* AppThemeService.swift */ = {isa = PBXFileReference; lastKnownFileType = sourcecode.swift; path = AppThemeService.swift; sourceTree = "<group>"; };
		0457FF7925AC538B009BD675 /* WebViewController.swift */ = {isa = PBXFileReference; fileEncoding = 4; lastKnownFileType = sourcecode.swift; path = WebViewController.swift; sourceTree = "<group>"; };
		0457FF7D25AC53B9009BD675 /* CollectionViewController.swift */ = {isa = PBXFileReference; fileEncoding = 4; lastKnownFileType = sourcecode.swift; path = CollectionViewController.swift; sourceTree = "<group>"; };
		0457FF7E25AC53B9009BD675 /* TableViewController.swift */ = {isa = PBXFileReference; fileEncoding = 4; lastKnownFileType = sourcecode.swift; path = TableViewController.swift; sourceTree = "<group>"; };
		0457FF8025AC53BA009BD675 /* TabBarController.swift */ = {isa = PBXFileReference; fileEncoding = 4; lastKnownFileType = sourcecode.swift; path = TabBarController.swift; sourceTree = "<group>"; };
		0457FF8125AC53BA009BD675 /* ViewController.swift */ = {isa = PBXFileReference; fileEncoding = 4; lastKnownFileType = sourcecode.swift; path = ViewController.swift; sourceTree = "<group>"; };
		0457FF8225AC53BA009BD675 /* NavigationController.swift */ = {isa = PBXFileReference; fileEncoding = 4; lastKnownFileType = sourcecode.swift; path = NavigationController.swift; sourceTree = "<group>"; };
		0457FF8F25AC5414009BD675 /* PageModel.swift */ = {isa = PBXFileReference; lastKnownFileType = sourcecode.swift; path = PageModel.swift; sourceTree = "<group>"; };
		0457FF9B25AC55EE009BD675 /* CommonMacro.swift */ = {isa = PBXFileReference; lastKnownFileType = sourcecode.swift; path = CommonMacro.swift; sourceTree = "<group>"; };
		0457FFD325AC56EE009BD675 /* ThirdApplicationService.swift */ = {isa = PBXFileReference; lastKnownFileType = sourcecode.swift; path = ThirdApplicationService.swift; sourceTree = "<group>"; };
		045AC5E726005EF400214C04 /* BusinessNavigationMap.swift */ = {isa = PBXFileReference; fileEncoding = 4; lastKnownFileType = sourcecode.swift; path = BusinessNavigationMap.swift; sourceTree = "<group>"; };
		045AC6B126007C5900214C04 /* ReachabilityApplicationService.swift */ = {isa = PBXFileReference; lastKnownFileType = sourcecode.swift; path = ReachabilityApplicationService.swift; sourceTree = "<group>"; };
		045AC79A2600819000214C04 /* SocialApplicationService.swift */ = {isa = PBXFileReference; fileEncoding = 4; lastKnownFileType = sourcecode.swift; path = SocialApplicationService.swift; sourceTree = "<group>"; };
		045AC7E52600850A00214C04 /* R.generated.swift */ = {isa = PBXFileReference; fileEncoding = 4; lastKnownFileType = sourcecode.swift; path = R.generated.swift; sourceTree = "<group>"; };
		045AC87A26008F4600214C04 /* HTTPHeader.swift */ = {isa = PBXFileReference; lastKnownFileType = sourcecode.swift; path = HTTPHeader.swift; sourceTree = "<group>"; };
		045AC8822600906100214C04 /* HTTPRequest.swift */ = {isa = PBXFileReference; fileEncoding = 4; lastKnownFileType = sourcecode.swift; path = HTTPRequest.swift; sourceTree = "<group>"; };
		045AC88A2600912700214C04 /* UIImage+ImageCompress.m */ = {isa = PBXFileReference; fileEncoding = 4; lastKnownFileType = sourcecode.c.objc; path = "UIImage+ImageCompress.m"; sourceTree = "<group>"; };
		045AC88B2600912700214C04 /* UIImage+FixOrientation.h */ = {isa = PBXFileReference; fileEncoding = 4; lastKnownFileType = sourcecode.c.h; path = "UIImage+FixOrientation.h"; sourceTree = "<group>"; };
		045AC88C2600912700214C04 /* UIImage+ImageCompress.h */ = {isa = PBXFileReference; fileEncoding = 4; lastKnownFileType = sourcecode.c.h; path = "UIImage+ImageCompress.h"; sourceTree = "<group>"; };
		045AC88D2600912700214C04 /* UIImage+FixOrientation.m */ = {isa = PBXFileReference; fileEncoding = 4; lastKnownFileType = sourcecode.c.objc; path = "UIImage+FixOrientation.m"; sourceTree = "<group>"; };
		045AC897260091D000214C04 /* BeeKit-Bridging-Header.h */ = {isa = PBXFileReference; fileEncoding = 4; lastKnownFileType = sourcecode.c.h; path = "BeeKit-Bridging-Header.h"; sourceTree = "<group>"; };
		045AC8E82600AF1300214C04 /* SPScanManager.h */ = {isa = PBXFileReference; fileEncoding = 4; lastKnownFileType = sourcecode.c.h; path = SPScanManager.h; sourceTree = "<group>"; };
		045AC8E92600AF1300214C04 /* SPScanResult.h */ = {isa = PBXFileReference; fileEncoding = 4; lastKnownFileType = sourcecode.c.h; path = SPScanResult.h; sourceTree = "<group>"; };
		045AC8EA2600AF1300214C04 /* SPScanCodeGenerator.h */ = {isa = PBXFileReference; fileEncoding = 4; lastKnownFileType = sourcecode.c.h; path = SPScanCodeGenerator.h; sourceTree = "<group>"; };
		045AC8EB2600AF1300214C04 /* SPScanManager.m */ = {isa = PBXFileReference; fileEncoding = 4; lastKnownFileType = sourcecode.c.objc; path = SPScanManager.m; sourceTree = "<group>"; };
		045AC8EC2600AF1300214C04 /* SPScanCodeGenerator.m */ = {isa = PBXFileReference; fileEncoding = 4; lastKnownFileType = sourcecode.c.objc; path = SPScanCodeGenerator.m; sourceTree = "<group>"; };
		045AC8ED2600AF1300214C04 /* SPScanResult.m */ = {isa = PBXFileReference; fileEncoding = 4; lastKnownFileType = sourcecode.c.objc; path = SPScanResult.m; sourceTree = "<group>"; };
		0466CCF826019ADE00247628 /* TestViewController.swift */ = {isa = PBXFileReference; fileEncoding = 4; lastKnownFileType = sourcecode.swift; path = TestViewController.swift; sourceTree = "<group>"; };
		047A7F9A25C92E0200BAFD11 /* UIKitAnimationViewController.swift */ = {isa = PBXFileReference; lastKnownFileType = sourcecode.swift; path = UIKitAnimationViewController.swift; sourceTree = "<group>"; };
		047E387D25C2A4AB008EDD4C /* zh-Hans */ = {isa = PBXFileReference; lastKnownFileType = text.plist.strings; name = "zh-Hans"; path = "zh-Hans.lproj/LaunchScreen.strings"; sourceTree = "<group>"; };
		047E387E25C2A4AB008EDD4C /* zh-Hans */ = {isa = PBXFileReference; lastKnownFileType = text.plist.strings; name = "zh-Hans"; path = "zh-Hans.lproj/Main.strings"; sourceTree = "<group>"; };
		047E38A025C2A64C008EDD4C /* en */ = {isa = PBXFileReference; lastKnownFileType = text.plist.strings; name = en; path = en.lproj/Localizable.strings; sourceTree = "<group>"; };
		047E38A425C2A651008EDD4C /* zh-Hans */ = {isa = PBXFileReference; lastKnownFileType = text.plist.strings; name = "zh-Hans"; path = "zh-Hans.lproj/Localizable.strings"; sourceTree = "<group>"; };
		047E38A825C2A70C008EDD4C /* Base */ = {isa = PBXFileReference; lastKnownFileType = text.plist.xml; name = Base; path = Base.lproj/Info.plist; sourceTree = "<group>"; };
		04B182CF25B0307100368FAA /* TabBarViewController.swift */ = {isa = PBXFileReference; lastKnownFileType = sourcecode.swift; path = TabBarViewController.swift; sourceTree = "<group>"; };
		04B182DD25B0319100368FAA /* BEEKitListViewController.swift */ = {isa = PBXFileReference; lastKnownFileType = sourcecode.swift; path = BEEKitListViewController.swift; sourceTree = "<group>"; };
		04B182E425B031B900368FAA /* FoundationListViewController.swift */ = {isa = PBXFileReference; lastKnownFileType = sourcecode.swift; path = FoundationListViewController.swift; sourceTree = "<group>"; };
		04B182EB25B031DA00368FAA /* UIKitListViewController.swift */ = {isa = PBXFileReference; lastKnownFileType = sourcecode.swift; path = UIKitListViewController.swift; sourceTree = "<group>"; };
		04B1831025B035B900368FAA /* DemoListTableViewCell.swift */ = {isa = PBXFileReference; lastKnownFileType = sourcecode.swift; path = DemoListTableViewCell.swift; sourceTree = "<group>"; };
		04B1832C25B0410000368FAA /* BEEKItDetailsViewController.swift */ = {isa = PBXFileReference; lastKnownFileType = sourcecode.swift; path = BEEKItDetailsViewController.swift; sourceTree = "<group>"; };
		04B1833D25B133BD00368FAA /* Permission.swift */ = {isa = PBXFileReference; fileEncoding = 4; lastKnownFileType = sourcecode.swift; path = Permission.swift; sourceTree = "<group>"; };
		04B1833E25B133BD00368FAA /* ChineseAlertContent.swift */ = {isa = PBXFileReference; fileEncoding = 4; lastKnownFileType = sourcecode.swift; path = ChineseAlertContent.swift; sourceTree = "<group>"; };
		04D92C18260C26D90054FFBA /* NetworkService.swift */ = {isa = PBXFileReference; lastKnownFileType = sourcecode.swift; path = NetworkService.swift; sourceTree = "<group>"; };
		04DDB8A025B82902006E83EC /* BEEIconFont.swift */ = {isa = PBXFileReference; fileEncoding = 4; lastKnownFileType = sourcecode.swift; path = BEEIconFont.swift; sourceTree = "<group>"; };
		04DDB8A125B82902006E83EC /* iconfont.ttf */ = {isa = PBXFileReference; lastKnownFileType = file; path = iconfont.ttf; sourceTree = "<group>"; };
		04EE57CA260DB2CA00FAE23D /* NetworkService+User.swift */ = {isa = PBXFileReference; lastKnownFileType = sourcecode.swift; path = "NetworkService+User.swift"; sourceTree = "<group>"; };
		04EE57D0260DB54000FAE23D /* LoggingPlugin.swift */ = {isa = PBXFileReference; fileEncoding = 4; lastKnownFileType = sourcecode.swift; path = LoggingPlugin.swift; sourceTree = "<group>"; };
		16DF50D9C315A9A06A6AC8A9 /* Pods-BeeKit_Tests.release.xcconfig */ = {isa = PBXFileReference; includeInIndex = 1; lastKnownFileType = text.xcconfig; name = "Pods-BeeKit_Tests.release.xcconfig"; path = "Target Support Files/Pods-BeeKit_Tests/Pods-BeeKit_Tests.release.xcconfig"; sourceTree = "<group>"; };
		1934F318C5D4D977B6069B08 /* README.md */ = {isa = PBXFileReference; includeInIndex = 1; lastKnownFileType = net.daringfireball.markdown; name = README.md; path = ../README.md; sourceTree = "<group>"; };
		3ABC1B4AED5CA7E03CA613A9 /* Pods-BeeKit_Example.debug.xcconfig */ = {isa = PBXFileReference; includeInIndex = 1; lastKnownFileType = text.xcconfig; name = "Pods-BeeKit_Example.debug.xcconfig"; path = "Target Support Files/Pods-BeeKit_Example/Pods-BeeKit_Example.debug.xcconfig"; sourceTree = "<group>"; };
		3B8B5B5023F00AA8D75ACE93 /* Pods_BeeKit_Example.framework */ = {isa = PBXFileReference; explicitFileType = wrapper.framework; includeInIndex = 0; path = Pods_BeeKit_Example.framework; sourceTree = BUILT_PRODUCTS_DIR; };
		51F55130B59791861A6941B0 /* BeeKit-Swift.podspec */ = {isa = PBXFileReference; includeInIndex = 1; lastKnownFileType = text; name = "BeeKit-Swift.podspec"; path = "../BeeKit-Swift.podspec"; sourceTree = "<group>"; xcLanguageSpecificationIdentifier = xcode.lang.ruby; };
		56C1B5F9E04E5ECBCA3C1ABE /* Pods-BeeKit_Example.release.xcconfig */ = {isa = PBXFileReference; includeInIndex = 1; lastKnownFileType = text.xcconfig; name = "Pods-BeeKit_Example.release.xcconfig"; path = "Target Support Files/Pods-BeeKit_Example/Pods-BeeKit_Example.release.xcconfig"; sourceTree = "<group>"; };
		607FACD01AFB9204008FA782 /* BeeKit_Example.app */ = {isa = PBXFileReference; explicitFileType = wrapper.application; includeInIndex = 0; path = BeeKit_Example.app; sourceTree = BUILT_PRODUCTS_DIR; };
		607FACD51AFB9204008FA782 /* AppDelegate.swift */ = {isa = PBXFileReference; lastKnownFileType = sourcecode.swift; path = AppDelegate.swift; sourceTree = "<group>"; };
		607FACDA1AFB9204008FA782 /* Base */ = {isa = PBXFileReference; lastKnownFileType = file.storyboard; name = Base; path = Base.lproj/Main.storyboard; sourceTree = "<group>"; };
		607FACDC1AFB9204008FA782 /* Images.xcassets */ = {isa = PBXFileReference; lastKnownFileType = folder.assetcatalog; path = Images.xcassets; sourceTree = "<group>"; };
		607FACDF1AFB9204008FA782 /* Base */ = {isa = PBXFileReference; lastKnownFileType = file.xib; name = Base; path = Base.lproj/LaunchScreen.xib; sourceTree = "<group>"; };
		607FACE51AFB9204008FA782 /* BeeKit_Tests.xctest */ = {isa = PBXFileReference; explicitFileType = wrapper.cfbundle; includeInIndex = 0; path = BeeKit_Tests.xctest; sourceTree = BUILT_PRODUCTS_DIR; };
		607FACEA1AFB9204008FA782 /* Info.plist */ = {isa = PBXFileReference; lastKnownFileType = text.plist.xml; path = Info.plist; sourceTree = "<group>"; };
		607FACEB1AFB9204008FA782 /* Tests.swift */ = {isa = PBXFileReference; lastKnownFileType = sourcecode.swift; path = Tests.swift; sourceTree = "<group>"; };
		9DD7D56D530BA622B1F7FC73 /* Pods_BeeKit_Tests.framework */ = {isa = PBXFileReference; explicitFileType = wrapper.framework; includeInIndex = 0; path = Pods_BeeKit_Tests.framework; sourceTree = BUILT_PRODUCTS_DIR; };
		A363684CA05C49129AA68CBE /* Pods-BeeKit_Tests.debug.xcconfig */ = {isa = PBXFileReference; includeInIndex = 1; lastKnownFileType = text.xcconfig; name = "Pods-BeeKit_Tests.debug.xcconfig"; path = "Target Support Files/Pods-BeeKit_Tests/Pods-BeeKit_Tests.debug.xcconfig"; sourceTree = "<group>"; };
		F196B20125A03DC1005D5DE3 /* AppEnv.swift */ = {isa = PBXFileReference; lastKnownFileType = sourcecode.swift; path = AppEnv.swift; sourceTree = "<group>"; };
		F196B20D25A04172005D5DE3 /* RootApplicationService.swift */ = {isa = PBXFileReference; lastKnownFileType = sourcecode.swift; path = RootApplicationService.swift; sourceTree = "<group>"; };
		F196B24625A04316005D5DE3 /* NavigationMap.swift */ = {isa = PBXFileReference; fileEncoding = 4; lastKnownFileType = sourcecode.swift; path = NavigationMap.swift; sourceTree = "<group>"; };
		F196B24725A04317005D5DE3 /* CommonNavigationMap.swift */ = {isa = PBXFileReference; fileEncoding = 4; lastKnownFileType = sourcecode.swift; path = CommonNavigationMap.swift; sourceTree = "<group>"; };
/* End PBXFileReference section */

/* Begin PBXFrameworksBuildPhase section */
		607FACCD1AFB9204008FA782 /* Frameworks */ = {
			isa = PBXFrameworksBuildPhase;
			buildActionMask = 2147483647;
			files = (
				A9AEE593089E79A21581C381 /* Pods_BeeKit_Example.framework in Frameworks */,
			);
			runOnlyForDeploymentPostprocessing = 0;
		};
		607FACE21AFB9204008FA782 /* Frameworks */ = {
			isa = PBXFrameworksBuildPhase;
			buildActionMask = 2147483647;
			files = (
				7F3DFE195529583D18E593AA /* Pods_BeeKit_Tests.framework in Frameworks */,
			);
			runOnlyForDeploymentPostprocessing = 0;
		};
/* End PBXFrameworksBuildPhase section */

/* Begin PBXGroup section */
		041A964025A3000F001B1462 /* Theme */ = {
			isa = PBXGroup;
			children = (
				041A964125A30035001B1462 /* AppTheme.swift */,
				041A964F25A30353001B1462 /* AppTheme.plist */,
				0457FF5525AC524A009BD675 /* AppThemeService.swift */,
				0457FF4F25AC51AE009BD675 /* AppThemeService+Custom.swift */,
			);
			path = Theme;
			sourceTree = "<group>";
		};
		0457FF4C25AC50C0009BD675 /* BaseModule */ = {
			isa = PBXGroup;
			children = (
				0457FF8D25AC53E4009BD675 /* Controller */,
				0457FF8E25AC5404009BD675 /* Model */,
			);
			path = BaseModule;
			sourceTree = "<group>";
		};
		0457FF7625AC5332009BD675 /* CommonModule */ = {
			isa = PBXGroup;
			children = (
				0457FF4C25AC50C0009BD675 /* BaseModule */,
				0457FF7725AC538B009BD675 /* WebModule */,
			);
			path = CommonModule;
			sourceTree = "<group>";
		};
		0457FF7725AC538B009BD675 /* WebModule */ = {
			isa = PBXGroup;
			children = (
				0457FF7825AC538B009BD675 /* Controller */,
			);
			path = WebModule;
			sourceTree = "<group>";
		};
		0457FF7825AC538B009BD675 /* Controller */ = {
			isa = PBXGroup;
			children = (
				0457FF7925AC538B009BD675 /* WebViewController.swift */,
			);
			path = Controller;
			sourceTree = "<group>";
		};
		0457FF8D25AC53E4009BD675 /* Controller */ = {
			isa = PBXGroup;
			children = (
				0457FF7D25AC53B9009BD675 /* CollectionViewController.swift */,
				0457FF8225AC53BA009BD675 /* NavigationController.swift */,
				0457FF8025AC53BA009BD675 /* TabBarController.swift */,
				0457FF7E25AC53B9009BD675 /* TableViewController.swift */,
				0457FF8125AC53BA009BD675 /* ViewController.swift */,
				041A966C25A311E2001B1462 /* Window.swift */,
			);
			path = Controller;
			sourceTree = "<group>";
		};
		0457FF8E25AC5404009BD675 /* Model */ = {
			isa = PBXGroup;
			children = (
				0457FF8F25AC5414009BD675 /* PageModel.swift */,
			);
			path = Model;
			sourceTree = "<group>";
		};
		045AC84926008EF500214C04 /* Network */ = {
			isa = PBXGroup;
			children = (
				04D92C17260C26C40054FFBA /* NetworkService */,
				045AC87926008F2600214C04 /* HTTP */,
			);
			path = Network;
			sourceTree = "<group>";
		};
		045AC87926008F2600214C04 /* HTTP */ = {
			isa = PBXGroup;
			children = (
				045AC87A26008F4600214C04 /* HTTPHeader.swift */,
				045AC8822600906100214C04 /* HTTPRequest.swift */,
				04EE57D0260DB54000FAE23D /* LoggingPlugin.swift */,
			);
			path = HTTP;
			sourceTree = "<group>";
		};
		045AC8862600911A00214C04 /* Extension */ = {
			isa = PBXGroup;
			children = (
				045AC8872600912700214C04 /* UIKit */,
			);
			path = Extension;
			sourceTree = "<group>";
		};
		045AC8872600912700214C04 /* UIKit */ = {
			isa = PBXGroup;
			children = (
				045AC8882600912700214C04 /* UIImage */,
			);
			path = UIKit;
			sourceTree = "<group>";
		};
		045AC8882600912700214C04 /* UIImage */ = {
			isa = PBXGroup;
			children = (
				045AC88B2600912700214C04 /* UIImage+FixOrientation.h */,
				045AC88D2600912700214C04 /* UIImage+FixOrientation.m */,
				045AC88C2600912700214C04 /* UIImage+ImageCompress.h */,
				045AC88A2600912700214C04 /* UIImage+ImageCompress.m */,
			);
			path = UIImage;
			sourceTree = "<group>";
		};
		045AC8AD2600AEDA00214C04 /* CustomUI */ = {
			isa = PBXGroup;
			children = (
				045AC8E72600AF1300214C04 /* SPScanning */,
			);
			path = CustomUI;
			sourceTree = "<group>";
		};
		045AC8E72600AF1300214C04 /* SPScanning */ = {
			isa = PBXGroup;
			children = (
				045AC8EA2600AF1300214C04 /* SPScanCodeGenerator.h */,
				045AC8EC2600AF1300214C04 /* SPScanCodeGenerator.m */,
				045AC8E82600AF1300214C04 /* SPScanManager.h */,
				045AC8EB2600AF1300214C04 /* SPScanManager.m */,
				045AC8E92600AF1300214C04 /* SPScanResult.h */,
				045AC8ED2600AF1300214C04 /* SPScanResult.m */,
			);
			path = SPScanning;
			sourceTree = "<group>";
		};
		04B182CD25B0304700368FAA /* TabModule */ = {
			isa = PBXGroup;
			children = (
				04B182CE25B0305600368FAA /* Controller */,
				04B1830F25B035A400368FAA /* View */,
			);
			path = TabModule;
			sourceTree = "<group>";
		};
		04B182CE25B0305600368FAA /* Controller */ = {
			isa = PBXGroup;
			children = (
				04B182CF25B0307100368FAA /* TabBarViewController.swift */,
			);
			path = Controller;
			sourceTree = "<group>";
		};
		04B182D525B030CD00368FAA /* UIKitModule */ = {
			isa = PBXGroup;
			children = (
				04B182EA25B031CB00368FAA /* Controller */,
			);
			path = UIKitModule;
			sourceTree = "<group>";
		};
		04B182D625B030D300368FAA /* FoundationModule */ = {
			isa = PBXGroup;
			children = (
				04B182E325B031AA00368FAA /* Controller */,
			);
			path = FoundationModule;
			sourceTree = "<group>";
		};
		04B182D725B030DA00368FAA /* BEEKitModule */ = {
			isa = PBXGroup;
			children = (
				04B182DC25B0317900368FAA /* Controller */,
			);
			path = BEEKitModule;
			sourceTree = "<group>";
		};
		04B182DC25B0317900368FAA /* Controller */ = {
			isa = PBXGroup;
			children = (
				04B182DD25B0319100368FAA /* BEEKitListViewController.swift */,
				04B1832C25B0410000368FAA /* BEEKItDetailsViewController.swift */,
			);
			path = Controller;
			sourceTree = "<group>";
		};
		04B182E325B031AA00368FAA /* Controller */ = {
			isa = PBXGroup;
			children = (
				04B182E425B031B900368FAA /* FoundationListViewController.swift */,
				0413019225BEC7D900F96D1E /* FoundationDetailViewController.swift */,
			);
			path = Controller;
			sourceTree = "<group>";
		};
		04B182EA25B031CB00368FAA /* Controller */ = {
			isa = PBXGroup;
			children = (
				04B182EB25B031DA00368FAA /* UIKitListViewController.swift */,
				0413013425BEBE6D00F96D1E /* UIKitDetailViewController.swift */,
				047A7F9A25C92E0200BAFD11 /* UIKitAnimationViewController.swift */,
			);
			path = Controller;
			sourceTree = "<group>";
		};
		04B1830F25B035A400368FAA /* View */ = {
			isa = PBXGroup;
			children = (
				04B1831025B035B900368FAA /* DemoListTableViewCell.swift */,
			);
			path = View;
			sourceTree = "<group>";
		};
		04B1833B25B133BD00368FAA /* General */ = {
			isa = PBXGroup;
			children = (
				045AC8AD2600AEDA00214C04 /* CustomUI */,
				045AC8862600911A00214C04 /* Extension */,
				04B1833C25B133BD00368FAA /* Permission */,
			);
			path = General;
			sourceTree = "<group>";
		};
		04B1833C25B133BD00368FAA /* Permission */ = {
			isa = PBXGroup;
			children = (
				04B1833D25B133BD00368FAA /* Permission.swift */,
				04B1833E25B133BD00368FAA /* ChineseAlertContent.swift */,
			);
			path = Permission;
			sourceTree = "<group>";
		};
		04D92C17260C26C40054FFBA /* NetworkService */ = {
			isa = PBXGroup;
			children = (
				04D92C18260C26D90054FFBA /* NetworkService.swift */,
				04EE57CA260DB2CA00FAE23D /* NetworkService+User.swift */,
			);
			path = NetworkService;
			sourceTree = "<group>";
		};
		04DDB89B25B828F6006E83EC /* Font */ = {
			isa = PBXGroup;
			children = (
				04DDB8A025B82902006E83EC /* BEEIconFont.swift */,
				04DDB8A125B82902006E83EC /* iconfont.ttf */,
			);
			path = Font;
			sourceTree = "<group>";
		};
		344010E39597992E76D1C412 /* Pods */ = {
			isa = PBXGroup;
			children = (
				3ABC1B4AED5CA7E03CA613A9 /* Pods-BeeKit_Example.debug.xcconfig */,
				56C1B5F9E04E5ECBCA3C1ABE /* Pods-BeeKit_Example.release.xcconfig */,
				A363684CA05C49129AA68CBE /* Pods-BeeKit_Tests.debug.xcconfig */,
				16DF50D9C315A9A06A6AC8A9 /* Pods-BeeKit_Tests.release.xcconfig */,
			);
			path = Pods;
			sourceTree = "<group>";
		};
		5ACD901AA8D720B7349EBB13 /* Frameworks */ = {
			isa = PBXGroup;
			children = (
				3B8B5B5023F00AA8D75ACE93 /* Pods_BeeKit_Example.framework */,
				9DD7D56D530BA622B1F7FC73 /* Pods_BeeKit_Tests.framework */,
			);
			name = Frameworks;
			sourceTree = "<group>";
		};
		607FACC71AFB9204008FA782 = {
			isa = PBXGroup;
			children = (
				607FACF51AFB993E008FA782 /* Podspec Metadata */,
				607FACD21AFB9204008FA782 /* Example for BeeKit */,
				607FACE81AFB9204008FA782 /* Tests */,
				607FACD11AFB9204008FA782 /* Products */,
				344010E39597992E76D1C412 /* Pods */,
				5ACD901AA8D720B7349EBB13 /* Frameworks */,
			);
			sourceTree = "<group>";
		};
		607FACD11AFB9204008FA782 /* Products */ = {
			isa = PBXGroup;
			children = (
				607FACD01AFB9204008FA782 /* BeeKit_Example.app */,
				607FACE51AFB9204008FA782 /* BeeKit_Tests.xctest */,
			);
			name = Products;
			sourceTree = "<group>";
		};
		607FACD21AFB9204008FA782 /* Example for BeeKit */ = {
			isa = PBXGroup;
			children = (
				F196B1FE25A03D69005D5DE3 /* Application */,
				F196B20625A03E30005D5DE3 /* Assets */,
				F196B20025A03D9C005D5DE3 /* Config */,
				04B1833B25B133BD00368FAA /* General */,
				F196B1FF25A03D85005D5DE3 /* Modules */,
				F196B24525A042B7005D5DE3 /* Navigation */,
				045AC84926008EF500214C04 /* Network */,
				607FACD31AFB9204008FA782 /* Supporting Files */,
				041A964025A3000F001B1462 /* Theme */,
			);
			name = "Example for BeeKit";
			path = BeeKit;
			sourceTree = "<group>";
		};
		607FACD31AFB9204008FA782 /* Supporting Files */ = {
			isa = PBXGroup;
			children = (
				047E38A725C2A70C008EDD4C /* Info.plist */,
				047E38A125C2A64C008EDD4C /* Localizable.strings */,
			);
			name = "Supporting Files";
			sourceTree = "<group>";
		};
		607FACE81AFB9204008FA782 /* Tests */ = {
			isa = PBXGroup;
			children = (
				607FACEB1AFB9204008FA782 /* Tests.swift */,
				607FACE91AFB9204008FA782 /* Supporting Files */,
			);
			path = Tests;
			sourceTree = "<group>";
		};
		607FACE91AFB9204008FA782 /* Supporting Files */ = {
			isa = PBXGroup;
			children = (
				607FACEA1AFB9204008FA782 /* Info.plist */,
			);
			name = "Supporting Files";
			sourceTree = "<group>";
		};
		607FACF51AFB993E008FA782 /* Podspec Metadata */ = {
			isa = PBXGroup;
			children = (
				51F55130B59791861A6941B0 /* BeeKit-Swift.podspec */,
				1934F318C5D4D977B6069B08 /* README.md */,
			);
			name = "Podspec Metadata";
			sourceTree = "<group>";
		};
		F196B1FE25A03D69005D5DE3 /* Application */ = {
			isa = PBXGroup;
			children = (
				607FACD51AFB9204008FA782 /* AppDelegate.swift */,
				0457FF1825AC4FC6009BD675 /* DebugingApplicationService.swift */,
				0457FF0A25AC4B63009BD675 /* NavigationApplicationService.swift */,
				045AC6B126007C5900214C04 /* ReachabilityApplicationService.swift */,
				F196B20D25A04172005D5DE3 /* RootApplicationService.swift */,
				045AC79A2600819000214C04 /* SocialApplicationService.swift */,
				0457FF0625AC4B3E009BD675 /* ThemeApplicationService.swift */,
				0457FFD325AC56EE009BD675 /* ThirdApplicationService.swift */,
				0466CCF826019ADE00247628 /* TestViewController.swift */,
			);
			path = Application;
			sourceTree = "<group>";
		};
		F196B1FF25A03D85005D5DE3 /* Modules */ = {
			isa = PBXGroup;
			children = (
				0457FF7625AC5332009BD675 /* CommonModule */,
				04B182CD25B0304700368FAA /* TabModule */,
				04B182D725B030DA00368FAA /* BEEKitModule */,
				04B182D625B030D300368FAA /* FoundationModule */,
				04B182D525B030CD00368FAA /* UIKitModule */,
			);
			path = Modules;
			sourceTree = "<group>";
		};
		F196B20025A03D9C005D5DE3 /* Config */ = {
			isa = PBXGroup;
			children = (
				F196B20125A03DC1005D5DE3 /* AppEnv.swift */,
				0457FF1025AC4E39009BD675 /* AppContants.swift */,
				0457FF9B25AC55EE009BD675 /* CommonMacro.swift */,
			);
			path = Config;
			sourceTree = "<group>";
		};
		F196B20625A03E30005D5DE3 /* Assets */ = {
			isa = PBXGroup;
			children = (
				045AC897260091D000214C04 /* BeeKit-Bridging-Header.h */,
				045AC7E52600850A00214C04 /* R.generated.swift */,
				607FACDC1AFB9204008FA782 /* Images.xcassets */,
				04DDB89B25B828F6006E83EC /* Font */,
				607FACDE1AFB9204008FA782 /* LaunchScreen.xib */,
				607FACD91AFB9204008FA782 /* Main.storyboard */,
			);
			path = Assets;
			sourceTree = "<group>";
		};
		F196B24525A042B7005D5DE3 /* Navigation */ = {
			isa = PBXGroup;
			children = (
				F196B24625A04316005D5DE3 /* NavigationMap.swift */,
				F196B24725A04317005D5DE3 /* CommonNavigationMap.swift */,
				045AC5E726005EF400214C04 /* BusinessNavigationMap.swift */,
			);
			path = Navigation;
			sourceTree = "<group>";
		};
/* End PBXGroup section */

/* Begin PBXNativeTarget section */
		607FACCF1AFB9204008FA782 /* BeeKit_Example */ = {
			isa = PBXNativeTarget;
			buildConfigurationList = 607FACEF1AFB9204008FA782 /* Build configuration list for PBXNativeTarget "BeeKit_Example" */;
			buildPhases = (
				B7DF3A47A8C8981BE00EEDA1 /* [CP] Check Pods Manifest.lock */,
				045AC79E2600828B00214C04 /* ShellScript */,
				607FACCC1AFB9204008FA782 /* Sources */,
				607FACCD1AFB9204008FA782 /* Frameworks */,
				607FACCE1AFB9204008FA782 /* Resources */,
				FC47E8D1491442023919E29A /* [CP] Embed Pods Frameworks */,
			);
			buildRules = (
			);
			dependencies = (
			);
			name = BeeKit_Example;
			productName = BeeKit;
			productReference = 607FACD01AFB9204008FA782 /* BeeKit_Example.app */;
			productType = "com.apple.product-type.application";
		};
		607FACE41AFB9204008FA782 /* BeeKit_Tests */ = {
			isa = PBXNativeTarget;
			buildConfigurationList = 607FACF21AFB9204008FA782 /* Build configuration list for PBXNativeTarget "BeeKit_Tests" */;
			buildPhases = (
				8D8D796A51F7B5C283540029 /* [CP] Check Pods Manifest.lock */,
				607FACE11AFB9204008FA782 /* Sources */,
				607FACE21AFB9204008FA782 /* Frameworks */,
				607FACE31AFB9204008FA782 /* Resources */,
			);
			buildRules = (
			);
			dependencies = (
				607FACE71AFB9204008FA782 /* PBXTargetDependency */,
			);
			name = BeeKit_Tests;
			productName = Tests;
			productReference = 607FACE51AFB9204008FA782 /* BeeKit_Tests.xctest */;
			productType = "com.apple.product-type.bundle.unit-test";
		};
/* End PBXNativeTarget section */

/* Begin PBXProject section */
		607FACC81AFB9204008FA782 /* Project object */ = {
			isa = PBXProject;
			attributes = {
				LastSwiftUpdateCheck = 0830;
				LastUpgradeCheck = 0830;
				ORGANIZATIONNAME = CocoaPods;
				TargetAttributes = {
					607FACCF1AFB9204008FA782 = {
						CreatedOnToolsVersion = 6.3.1;
						DevelopmentTeam = 835Q4MU3RA;
						LastSwiftMigration = 0900;
						ProvisioningStyle = Automatic;
					};
					607FACE41AFB9204008FA782 = {
						CreatedOnToolsVersion = 6.3.1;
						DevelopmentTeam = 835Q4MU3RA;
						LastSwiftMigration = 0900;
						TestTargetID = 607FACCF1AFB9204008FA782;
					};
				};
			};
			buildConfigurationList = 607FACCB1AFB9204008FA782 /* Build configuration list for PBXProject "BeeKit" */;
			compatibilityVersion = "Xcode 3.2";
			developmentRegion = en;
			hasScannedForEncodings = 0;
			knownRegions = (
				en,
				Base,
				"zh-Hans",
			);
			mainGroup = 607FACC71AFB9204008FA782;
			productRefGroup = 607FACD11AFB9204008FA782 /* Products */;
			projectDirPath = "";
			projectRoot = "";
			targets = (
				607FACCF1AFB9204008FA782 /* BeeKit_Example */,
				607FACE41AFB9204008FA782 /* BeeKit_Tests */,
			);
		};
/* End PBXProject section */

/* Begin PBXResourcesBuildPhase section */
		607FACCE1AFB9204008FA782 /* Resources */ = {
			isa = PBXResourcesBuildPhase;
			buildActionMask = 2147483647;
			files = (
				607FACDB1AFB9204008FA782 /* Main.storyboard in Resources */,
				047E389F25C2A64C008EDD4C /* Localizable.strings in Resources */,
				041A965025A30353001B1462 /* AppTheme.plist in Resources */,
				607FACE01AFB9204008FA782 /* LaunchScreen.xib in Resources */,
				04DDB8A325B82902006E83EC /* iconfont.ttf in Resources */,
				607FACDD1AFB9204008FA782 /* Images.xcassets in Resources */,
				047E38A925C2A70C008EDD4C /* Info.plist in Resources */,
			);
			runOnlyForDeploymentPostprocessing = 0;
		};
		607FACE31AFB9204008FA782 /* Resources */ = {
			isa = PBXResourcesBuildPhase;
			buildActionMask = 2147483647;
			files = (
			);
			runOnlyForDeploymentPostprocessing = 0;
		};
/* End PBXResourcesBuildPhase section */

/* Begin PBXShellScriptBuildPhase section */
		045AC79E2600828B00214C04 /* ShellScript */ = {
			isa = PBXShellScriptBuildPhase;
			buildActionMask = 2147483647;
			files = (
			);
			inputFileListPaths = (
			);
			inputPaths = (
				"$TEMP_DIR/rswift-lastrun",
			);
			outputFileListPaths = (
			);
			outputPaths = (
				$SRCROOT/BeeKit/Assets/R.generated.swift,
			);
			runOnlyForDeploymentPostprocessing = 0;
			shellPath = /bin/sh;
			shellScript = "# Type a script or drag a script file from your workspace to insert its path.\n\"$PODS_ROOT/R.swift/rswift\" generate \"$SRCROOT/BeeKit/Assets/R.generated.swift\"\n";
		};
		8D8D796A51F7B5C283540029 /* [CP] Check Pods Manifest.lock */ = {
			isa = PBXShellScriptBuildPhase;
			buildActionMask = 2147483647;
			files = (
			);
			inputFileListPaths = (
			);
			inputPaths = (
				"${PODS_PODFILE_DIR_PATH}/Podfile.lock",
				"${PODS_ROOT}/Manifest.lock",
			);
			name = "[CP] Check Pods Manifest.lock";
			outputFileListPaths = (
			);
			outputPaths = (
				"$(DERIVED_FILE_DIR)/Pods-BeeKit_Tests-checkManifestLockResult.txt",
			);
			runOnlyForDeploymentPostprocessing = 0;
			shellPath = /bin/sh;
			shellScript = "diff \"${PODS_PODFILE_DIR_PATH}/Podfile.lock\" \"${PODS_ROOT}/Manifest.lock\" > /dev/null\nif [ $? != 0 ] ; then\n    # print error to STDERR\n    echo \"error: The sandbox is not in sync with the Podfile.lock. Run 'pod install' or update your CocoaPods installation.\" >&2\n    exit 1\nfi\n# This output is used by Xcode 'outputs' to avoid re-running this script phase.\necho \"SUCCESS\" > \"${SCRIPT_OUTPUT_FILE_0}\"\n";
			showEnvVarsInLog = 0;
		};
		B7DF3A47A8C8981BE00EEDA1 /* [CP] Check Pods Manifest.lock */ = {
			isa = PBXShellScriptBuildPhase;
			buildActionMask = 2147483647;
			files = (
			);
			inputFileListPaths = (
			);
			inputPaths = (
				"${PODS_PODFILE_DIR_PATH}/Podfile.lock",
				"${PODS_ROOT}/Manifest.lock",
			);
			name = "[CP] Check Pods Manifest.lock";
			outputFileListPaths = (
			);
			outputPaths = (
				"$(DERIVED_FILE_DIR)/Pods-BeeKit_Example-checkManifestLockResult.txt",
			);
			runOnlyForDeploymentPostprocessing = 0;
			shellPath = /bin/sh;
			shellScript = "diff \"${PODS_PODFILE_DIR_PATH}/Podfile.lock\" \"${PODS_ROOT}/Manifest.lock\" > /dev/null\nif [ $? != 0 ] ; then\n    # print error to STDERR\n    echo \"error: The sandbox is not in sync with the Podfile.lock. Run 'pod install' or update your CocoaPods installation.\" >&2\n    exit 1\nfi\n# This output is used by Xcode 'outputs' to avoid re-running this script phase.\necho \"SUCCESS\" > \"${SCRIPT_OUTPUT_FILE_0}\"\n";
			showEnvVarsInLog = 0;
		};
		FC47E8D1491442023919E29A /* [CP] Embed Pods Frameworks */ = {
			isa = PBXShellScriptBuildPhase;
			buildActionMask = 2147483647;
			files = (
			);
			inputPaths = (
				"${PODS_ROOT}/Target Support Files/Pods-BeeKit_Example/Pods-BeeKit_Example-frameworks.sh",
				"${BUILT_PRODUCTS_DIR}/Alamofire/Alamofire.framework",
				"${BUILT_PRODUCTS_DIR}/BEENetwork/BEENetwork.framework",
				"${BUILT_PRODUCTS_DIR}/BEEPopupKit/BEEPopupKit.framework",
				"${BUILT_PRODUCTS_DIR}/BeeKit-Swift/BeeKit_Swift.framework",
				"${BUILT_PRODUCTS_DIR}/CocoaLumberjack/CocoaLumberjack.framework",
				"${BUILT_PRODUCTS_DIR}/Device/Device.framework",
				"${BUILT_PRODUCTS_DIR}/DoraemonKit/DoraemonKit.framework",
				"${BUILT_PRODUCTS_DIR}/EachNavigationBar/EachNavigationBar.framework",
				"${BUILT_PRODUCTS_DIR}/IQKeyboardManagerSwift/IQKeyboardManagerSwift.framework",
				"${BUILT_PRODUCTS_DIR}/Kingfisher/Kingfisher.framework",
				"${PODS_ROOT}/LookinServer/LookinServer.framework",
				"${BUILT_PRODUCTS_DIR}/MBProgressHUD/MBProgressHUD.framework",
				"${BUILT_PRODUCTS_DIR}/MJRefresh/MJRefresh.framework",
				"${BUILT_PRODUCTS_DIR}/MonkeyKing/MonkeyKing.framework",
				"${BUILT_PRODUCTS_DIR}/Moya/Moya.framework",
				"${BUILT_PRODUCTS_DIR}/ObjectMapper/ObjectMapper.framework",
				"${BUILT_PRODUCTS_DIR}/PermissionKit/PermissionKit.framework",
				"${BUILT_PRODUCTS_DIR}/PinLayout/PinLayout.framework",
				"${BUILT_PRODUCTS_DIR}/QuickLayout/QuickLayout.framework",
				"${BUILT_PRODUCTS_DIR}/R.swift.Library/Rswift.framework",
				"${BUILT_PRODUCTS_DIR}/ReachabilitySwift/Reachability.framework",
				"${BUILT_PRODUCTS_DIR}/Result/Result.framework",
				"${BUILT_PRODUCTS_DIR}/RxCocoa/RxCocoa.framework",
				"${BUILT_PRODUCTS_DIR}/RxGesture/RxGesture.framework",
				"${BUILT_PRODUCTS_DIR}/RxReachability/RxReachability.framework",
				"${BUILT_PRODUCTS_DIR}/RxRelay/RxRelay.framework",
				"${BUILT_PRODUCTS_DIR}/RxSwift/RxSwift.framework",
				"${BUILT_PRODUCTS_DIR}/RxWebKit/RxWebKit.framework",
				"${BUILT_PRODUCTS_DIR}/Schedule/Schedule.framework",
				"${BUILT_PRODUCTS_DIR}/Smile/Smile.framework",
				"${BUILT_PRODUCTS_DIR}/SnapKit/SnapKit.framework",
				"${BUILT_PRODUCTS_DIR}/SwiftValidators/SwiftValidators.framework",
				"${BUILT_PRODUCTS_DIR}/SwifterSwift/SwifterSwift.framework",
				"${BUILT_PRODUCTS_DIR}/SwiftyAttributes/SwiftyAttributes.framework",
				"${BUILT_PRODUCTS_DIR}/lottie-ios/Lottie.framework",
			);
			name = "[CP] Embed Pods Frameworks";
			outputPaths = (
				"${TARGET_BUILD_DIR}/${FRAMEWORKS_FOLDER_PATH}/Alamofire.framework",
				"${TARGET_BUILD_DIR}/${FRAMEWORKS_FOLDER_PATH}/BEENetwork.framework",
				"${TARGET_BUILD_DIR}/${FRAMEWORKS_FOLDER_PATH}/BEEPopupKit.framework",
				"${TARGET_BUILD_DIR}/${FRAMEWORKS_FOLDER_PATH}/BeeKit_Swift.framework",
				"${TARGET_BUILD_DIR}/${FRAMEWORKS_FOLDER_PATH}/CocoaLumberjack.framework",
				"${TARGET_BUILD_DIR}/${FRAMEWORKS_FOLDER_PATH}/Device.framework",
				"${TARGET_BUILD_DIR}/${FRAMEWORKS_FOLDER_PATH}/DoraemonKit.framework",
				"${TARGET_BUILD_DIR}/${FRAMEWORKS_FOLDER_PATH}/EachNavigationBar.framework",
				"${TARGET_BUILD_DIR}/${FRAMEWORKS_FOLDER_PATH}/IQKeyboardManagerSwift.framework",
				"${TARGET_BUILD_DIR}/${FRAMEWORKS_FOLDER_PATH}/Kingfisher.framework",
				"${TARGET_BUILD_DIR}/${FRAMEWORKS_FOLDER_PATH}/LookinServer.framework",
				"${TARGET_BUILD_DIR}/${FRAMEWORKS_FOLDER_PATH}/MBProgressHUD.framework",
				"${TARGET_BUILD_DIR}/${FRAMEWORKS_FOLDER_PATH}/MJRefresh.framework",
				"${TARGET_BUILD_DIR}/${FRAMEWORKS_FOLDER_PATH}/MonkeyKing.framework",
				"${TARGET_BUILD_DIR}/${FRAMEWORKS_FOLDER_PATH}/Moya.framework",
				"${TARGET_BUILD_DIR}/${FRAMEWORKS_FOLDER_PATH}/ObjectMapper.framework",
				"${TARGET_BUILD_DIR}/${FRAMEWORKS_FOLDER_PATH}/PermissionKit.framework",
				"${TARGET_BUILD_DIR}/${FRAMEWORKS_FOLDER_PATH}/PinLayout.framework",
				"${TARGET_BUILD_DIR}/${FRAMEWORKS_FOLDER_PATH}/QuickLayout.framework",
				"${TARGET_BUILD_DIR}/${FRAMEWORKS_FOLDER_PATH}/Rswift.framework",
				"${TARGET_BUILD_DIR}/${FRAMEWORKS_FOLDER_PATH}/Reachability.framework",
				"${TARGET_BUILD_DIR}/${FRAMEWORKS_FOLDER_PATH}/Result.framework",
				"${TARGET_BUILD_DIR}/${FRAMEWORKS_FOLDER_PATH}/RxCocoa.framework",
				"${TARGET_BUILD_DIR}/${FRAMEWORKS_FOLDER_PATH}/RxGesture.framework",
				"${TARGET_BUILD_DIR}/${FRAMEWORKS_FOLDER_PATH}/RxReachability.framework",
				"${TARGET_BUILD_DIR}/${FRAMEWORKS_FOLDER_PATH}/RxRelay.framework",
				"${TARGET_BUILD_DIR}/${FRAMEWORKS_FOLDER_PATH}/RxSwift.framework",
				"${TARGET_BUILD_DIR}/${FRAMEWORKS_FOLDER_PATH}/RxWebKit.framework",
				"${TARGET_BUILD_DIR}/${FRAMEWORKS_FOLDER_PATH}/Schedule.framework",
				"${TARGET_BUILD_DIR}/${FRAMEWORKS_FOLDER_PATH}/Smile.framework",
				"${TARGET_BUILD_DIR}/${FRAMEWORKS_FOLDER_PATH}/SnapKit.framework",
				"${TARGET_BUILD_DIR}/${FRAMEWORKS_FOLDER_PATH}/SwiftValidators.framework",
				"${TARGET_BUILD_DIR}/${FRAMEWORKS_FOLDER_PATH}/SwifterSwift.framework",
				"${TARGET_BUILD_DIR}/${FRAMEWORKS_FOLDER_PATH}/SwiftyAttributes.framework",
				"${TARGET_BUILD_DIR}/${FRAMEWORKS_FOLDER_PATH}/Lottie.framework",
			);
			runOnlyForDeploymentPostprocessing = 0;
			shellPath = /bin/sh;
			shellScript = "\"${PODS_ROOT}/Target Support Files/Pods-BeeKit_Example/Pods-BeeKit_Example-frameworks.sh\"\n";
			showEnvVarsInLog = 0;
		};
/* End PBXShellScriptBuildPhase section */

/* Begin PBXSourcesBuildPhase section */
		607FACCC1AFB9204008FA782 /* Sources */ = {
			isa = PBXSourcesBuildPhase;
			buildActionMask = 2147483647;
			files = (
				045AC8F02600AF1300214C04 /* SPScanResult.m in Sources */,
				0457FF9025AC5414009BD675 /* PageModel.swift in Sources */,
				0466CCF926019ADE00247628 /* TestViewController.swift in Sources */,
				045AC88F2600912700214C04 /* UIImage+ImageCompress.m in Sources */,
				04B1831125B035B900368FAA /* DemoListTableViewCell.swift in Sources */,
				0457FF1925AC4FC6009BD675 /* DebugingApplicationService.swift in Sources */,
				0457FF5625AC524A009BD675 /* AppThemeService.swift in Sources */,
				04B182E525B031B900368FAA /* FoundationListViewController.swift in Sources */,
				04B1834025B133BD00368FAA /* ChineseAlertContent.swift in Sources */,
				041A964225A30035001B1462 /* AppTheme.swift in Sources */,
				041A966D25A311E2001B1462 /* Window.swift in Sources */,
				0457FF1125AC4E39009BD675 /* AppContants.swift in Sources */,
				04B182DE25B0319100368FAA /* BEEKitListViewController.swift in Sources */,
				04D92C19260C26D90054FFBA /* NetworkService.swift in Sources */,
				0413019325BEC7D900F96D1E /* FoundationDetailViewController.swift in Sources */,
				0457FF8425AC53BA009BD675 /* TableViewController.swift in Sources */,
				045AC87B26008F4600214C04 /* HTTPHeader.swift in Sources */,
				04B1833F25B133BD00368FAA /* Permission.swift in Sources */,
				F196B24925A04317005D5DE3 /* CommonNavigationMap.swift in Sources */,
				F196B20E25A04172005D5DE3 /* RootApplicationService.swift in Sources */,
				045AC5E826005EF400214C04 /* BusinessNavigationMap.swift in Sources */,
				045AC79B2600819000214C04 /* SocialApplicationService.swift in Sources */,
				04EE57D1260DB54000FAE23D /* LoggingPlugin.swift in Sources */,
				0457FF8325AC53BA009BD675 /* CollectionViewController.swift in Sources */,
				0457FF8825AC53BA009BD675 /* NavigationController.swift in Sources */,
				045AC8EE2600AF1300214C04 /* SPScanManager.m in Sources */,
				04EE57CB260DB2CA00FAE23D /* NetworkService+User.swift in Sources */,
				045AC6B226007C5900214C04 /* ReachabilityApplicationService.swift in Sources */,
				04B182EC25B031DA00368FAA /* UIKitListViewController.swift in Sources */,
				04B1832D25B0410000368FAA /* BEEKItDetailsViewController.swift in Sources */,
				0457FF0B25AC4B63009BD675 /* NavigationApplicationService.swift in Sources */,
				045AC8902600912700214C04 /* UIImage+FixOrientation.m in Sources */,
				045AC8EF2600AF1300214C04 /* SPScanCodeGenerator.m in Sources */,
				0457FF0725AC4B3E009BD675 /* ThemeApplicationService.swift in Sources */,
				0457FF8625AC53BA009BD675 /* TabBarController.swift in Sources */,
				F196B20225A03DC1005D5DE3 /* AppEnv.swift in Sources */,
				0457FFD425AC56EE009BD675 /* ThirdApplicationService.swift in Sources */,
				04DDB8A225B82902006E83EC /* BEEIconFont.swift in Sources */,
				0457FF5025AC51AE009BD675 /* AppThemeService+Custom.swift in Sources */,
				607FACD61AFB9204008FA782 /* AppDelegate.swift in Sources */,
				F196B24825A04317005D5DE3 /* NavigationMap.swift in Sources */,
				045AC7E62600850A00214C04 /* R.generated.swift in Sources */,
				047A7F9B25C92E0200BAFD11 /* UIKitAnimationViewController.swift in Sources */,
				0413013525BEBE6D00F96D1E /* UIKitDetailViewController.swift in Sources */,
				0457FF9C25AC55EE009BD675 /* CommonMacro.swift in Sources */,
				04B182D025B0307100368FAA /* TabBarViewController.swift in Sources */,
				045AC8832600906100214C04 /* HTTPRequest.swift in Sources */,
				0457FF8725AC53BA009BD675 /* ViewController.swift in Sources */,
				0457FF7A25AC538B009BD675 /* WebViewController.swift in Sources */,
			);
			runOnlyForDeploymentPostprocessing = 0;
		};
		607FACE11AFB9204008FA782 /* Sources */ = {
			isa = PBXSourcesBuildPhase;
			buildActionMask = 2147483647;
			files = (
				607FACEC1AFB9204008FA782 /* Tests.swift in Sources */,
			);
			runOnlyForDeploymentPostprocessing = 0;
		};
/* End PBXSourcesBuildPhase section */

/* Begin PBXTargetDependency section */
		607FACE71AFB9204008FA782 /* PBXTargetDependency */ = {
			isa = PBXTargetDependency;
			target = 607FACCF1AFB9204008FA782 /* BeeKit_Example */;
			targetProxy = 607FACE61AFB9204008FA782 /* PBXContainerItemProxy */;
		};
/* End PBXTargetDependency section */

/* Begin PBXVariantGroup section */
		047E38A125C2A64C008EDD4C /* Localizable.strings */ = {
			isa = PBXVariantGroup;
			children = (
				047E38A025C2A64C008EDD4C /* en */,
				047E38A425C2A651008EDD4C /* zh-Hans */,
			);
			name = Localizable.strings;
			sourceTree = "<group>";
		};
		047E38A725C2A70C008EDD4C /* Info.plist */ = {
			isa = PBXVariantGroup;
			children = (
				047E38A825C2A70C008EDD4C /* Base */,
			);
			name = Info.plist;
			sourceTree = "<group>";
		};
		607FACD91AFB9204008FA782 /* Main.storyboard */ = {
			isa = PBXVariantGroup;
			children = (
				607FACDA1AFB9204008FA782 /* Base */,
				047E387E25C2A4AB008EDD4C /* zh-Hans */,
			);
			name = Main.storyboard;
			sourceTree = "<group>";
		};
		607FACDE1AFB9204008FA782 /* LaunchScreen.xib */ = {
			isa = PBXVariantGroup;
			children = (
				607FACDF1AFB9204008FA782 /* Base */,
				047E387D25C2A4AB008EDD4C /* zh-Hans */,
			);
			name = LaunchScreen.xib;
			sourceTree = "<group>";
		};
/* End PBXVariantGroup section */

/* Begin XCBuildConfiguration section */
		607FACED1AFB9204008FA782 /* Debug */ = {
			isa = XCBuildConfiguration;
			buildSettings = {
				ALWAYS_SEARCH_USER_PATHS = NO;
				CLANG_ANALYZER_LOCALIZABILITY_NONLOCALIZED = YES;
				CLANG_CXX_LANGUAGE_STANDARD = "gnu++0x";
				CLANG_CXX_LIBRARY = "libc++";
				CLANG_ENABLE_MODULES = YES;
				CLANG_ENABLE_OBJC_ARC = YES;
				CLANG_WARN_BLOCK_CAPTURE_AUTORELEASING = YES;
				CLANG_WARN_BOOL_CONVERSION = YES;
				CLANG_WARN_COMMA = YES;
				CLANG_WARN_CONSTANT_CONVERSION = YES;
				CLANG_WARN_DIRECT_OBJC_ISA_USAGE = YES_ERROR;
				CLANG_WARN_EMPTY_BODY = YES;
				CLANG_WARN_ENUM_CONVERSION = YES;
				CLANG_WARN_INFINITE_RECURSION = YES;
				CLANG_WARN_INT_CONVERSION = YES;
				CLANG_WARN_NON_LITERAL_NULL_CONVERSION = YES;
				CLANG_WARN_OBJC_LITERAL_CONVERSION = YES;
				CLANG_WARN_OBJC_ROOT_CLASS = YES_ERROR;
				CLANG_WARN_RANGE_LOOP_ANALYSIS = YES;
				CLANG_WARN_STRICT_PROTOTYPES = YES;
				CLANG_WARN_SUSPICIOUS_MOVE = YES;
				CLANG_WARN_UNREACHABLE_CODE = YES;
				CLANG_WARN__DUPLICATE_METHOD_MATCH = YES;
				"CODE_SIGN_IDENTITY[sdk=iphoneos*]" = "iPhone Developer";
				COPY_PHASE_STRIP = NO;
				DEBUG_INFORMATION_FORMAT = "dwarf-with-dsym";
				ENABLE_STRICT_OBJC_MSGSEND = YES;
				ENABLE_TESTABILITY = YES;
				GCC_C_LANGUAGE_STANDARD = gnu99;
				GCC_DYNAMIC_NO_PIC = NO;
				GCC_NO_COMMON_BLOCKS = YES;
				GCC_OPTIMIZATION_LEVEL = 0;
				GCC_PREPROCESSOR_DEFINITIONS = (
					"DEBUG=1",
					"$(inherited)",
				);
				GCC_SYMBOLS_PRIVATE_EXTERN = NO;
				GCC_WARN_64_TO_32_BIT_CONVERSION = YES;
				GCC_WARN_ABOUT_RETURN_TYPE = YES_ERROR;
				GCC_WARN_UNDECLARED_SELECTOR = YES;
				GCC_WARN_UNINITIALIZED_AUTOS = YES_AGGRESSIVE;
				GCC_WARN_UNUSED_FUNCTION = YES;
				GCC_WARN_UNUSED_VARIABLE = YES;
				IPHONEOS_DEPLOYMENT_TARGET = 9.3;
				MTL_ENABLE_DEBUG_INFO = YES;
				ONLY_ACTIVE_ARCH = YES;
				SDKROOT = iphoneos;
				SWIFT_OPTIMIZATION_LEVEL = "-Onone";
			};
			name = Debug;
		};
		607FACEE1AFB9204008FA782 /* Release */ = {
			isa = XCBuildConfiguration;
			buildSettings = {
				ALWAYS_SEARCH_USER_PATHS = NO;
				CLANG_ANALYZER_LOCALIZABILITY_NONLOCALIZED = YES;
				CLANG_CXX_LANGUAGE_STANDARD = "gnu++0x";
				CLANG_CXX_LIBRARY = "libc++";
				CLANG_ENABLE_MODULES = YES;
				CLANG_ENABLE_OBJC_ARC = YES;
				CLANG_WARN_BLOCK_CAPTURE_AUTORELEASING = YES;
				CLANG_WARN_BOOL_CONVERSION = YES;
				CLANG_WARN_COMMA = YES;
				CLANG_WARN_CONSTANT_CONVERSION = YES;
				CLANG_WARN_DIRECT_OBJC_ISA_USAGE = YES_ERROR;
				CLANG_WARN_EMPTY_BODY = YES;
				CLANG_WARN_ENUM_CONVERSION = YES;
				CLANG_WARN_INFINITE_RECURSION = YES;
				CLANG_WARN_INT_CONVERSION = YES;
				CLANG_WARN_NON_LITERAL_NULL_CONVERSION = YES;
				CLANG_WARN_OBJC_LITERAL_CONVERSION = YES;
				CLANG_WARN_OBJC_ROOT_CLASS = YES_ERROR;
				CLANG_WARN_RANGE_LOOP_ANALYSIS = YES;
				CLANG_WARN_STRICT_PROTOTYPES = YES;
				CLANG_WARN_SUSPICIOUS_MOVE = YES;
				CLANG_WARN_UNREACHABLE_CODE = YES;
				CLANG_WARN__DUPLICATE_METHOD_MATCH = YES;
				"CODE_SIGN_IDENTITY[sdk=iphoneos*]" = "iPhone Developer";
				COPY_PHASE_STRIP = NO;
				DEBUG_INFORMATION_FORMAT = "dwarf-with-dsym";
				ENABLE_NS_ASSERTIONS = NO;
				ENABLE_STRICT_OBJC_MSGSEND = YES;
				GCC_C_LANGUAGE_STANDARD = gnu99;
				GCC_NO_COMMON_BLOCKS = YES;
				GCC_WARN_64_TO_32_BIT_CONVERSION = YES;
				GCC_WARN_ABOUT_RETURN_TYPE = YES_ERROR;
				GCC_WARN_UNDECLARED_SELECTOR = YES;
				GCC_WARN_UNINITIALIZED_AUTOS = YES_AGGRESSIVE;
				GCC_WARN_UNUSED_FUNCTION = YES;
				GCC_WARN_UNUSED_VARIABLE = YES;
				IPHONEOS_DEPLOYMENT_TARGET = 9.3;
				MTL_ENABLE_DEBUG_INFO = NO;
				SDKROOT = iphoneos;
				SWIFT_OPTIMIZATION_LEVEL = "-Owholemodule";
				VALIDATE_PRODUCT = YES;
			};
			name = Release;
		};
		607FACF01AFB9204008FA782 /* Debug */ = {
			isa = XCBuildConfiguration;
			baseConfigurationReference = 3ABC1B4AED5CA7E03CA613A9 /* Pods-BeeKit_Example.debug.xcconfig */;
			buildSettings = {
				ASSETCATALOG_COMPILER_APPICON_NAME = AppIcon;
				CODE_SIGN_IDENTITY = "Apple Development";
				CODE_SIGN_STYLE = Automatic;
				DEVELOPMENT_TEAM = 835Q4MU3RA;
				INFOPLIST_FILE = BeeKit/Info.plist;
				IPHONEOS_DEPLOYMENT_TARGET = 9.0;
				LD_RUNPATH_SEARCH_PATHS = "$(inherited) @executable_path/Frameworks";
				MODULE_NAME = ExampleApp;
				OTHER_SWIFT_FLAGS = "-D DEBUG $(inherited)";
				PRODUCT_BUNDLE_IDENTIFIER = com.liuxc.beekit;
				PRODUCT_NAME = "$(TARGET_NAME)";
				PROVISIONING_PROFILE_SPECIFIER = "";
				SWIFT_OBJC_BRIDGING_HEADER = "BeeKit/Assets/BeeKit-Bridging-Header.h";
				SWIFT_SWIFT3_OBJC_INFERENCE = Default;
				SWIFT_VERSION = 5.0;
			};
			name = Debug;
		};
		607FACF11AFB9204008FA782 /* Release */ = {
			isa = XCBuildConfiguration;
			baseConfigurationReference = 56C1B5F9E04E5ECBCA3C1ABE /* Pods-BeeKit_Example.release.xcconfig */;
			buildSettings = {
				ASSETCATALOG_COMPILER_APPICON_NAME = AppIcon;
				CODE_SIGN_IDENTITY = "Apple Development";
				CODE_SIGN_STYLE = Automatic;
				DEVELOPMENT_TEAM = 835Q4MU3RA;
				INFOPLIST_FILE = BeeKit/Info.plist;
				IPHONEOS_DEPLOYMENT_TARGET = 9.0;
				LD_RUNPATH_SEARCH_PATHS = "$(inherited) @executable_path/Frameworks";
				MODULE_NAME = ExampleApp;
				PRODUCT_BUNDLE_IDENTIFIER = com.liuxc.beekit;
				PRODUCT_NAME = "$(TARGET_NAME)";
				PROVISIONING_PROFILE_SPECIFIER = "";
				SWIFT_OBJC_BRIDGING_HEADER = "BeeKit/Assets/BeeKit-Bridging-Header.h";
				SWIFT_SWIFT3_OBJC_INFERENCE = Default;
				SWIFT_VERSION = 5.0;
			};
			name = Release;
		};
		607FACF31AFB9204008FA782 /* Debug */ = {
			isa = XCBuildConfiguration;
			baseConfigurationReference = A363684CA05C49129AA68CBE /* Pods-BeeKit_Tests.debug.xcconfig */;
			buildSettings = {
				DEVELOPMENT_TEAM = 835Q4MU3RA;
				FRAMEWORK_SEARCH_PATHS = (
					"$(PLATFORM_DIR)/Developer/Library/Frameworks",
					"$(inherited)",
				);
				GCC_PREPROCESSOR_DEFINITIONS = (
					"DEBUG=1",
					"$(inherited)",
				);
				INFOPLIST_FILE = Tests/Info.plist;
				LD_RUNPATH_SEARCH_PATHS = "$(inherited) @executable_path/Frameworks @loader_path/Frameworks";
				PRODUCT_BUNDLE_IDENTIFIER = "org.cocoapods.$(PRODUCT_NAME:rfc1034identifier)";
				PRODUCT_NAME = "$(TARGET_NAME)";
				SWIFT_SWIFT3_OBJC_INFERENCE = Default;
				SWIFT_VERSION = 4.0;
				TEST_HOST = "$(BUILT_PRODUCTS_DIR)/BeeKit_Example.app/BeeKit_Example";
			};
			name = Debug;
		};
		607FACF41AFB9204008FA782 /* Release */ = {
			isa = XCBuildConfiguration;
			baseConfigurationReference = 16DF50D9C315A9A06A6AC8A9 /* Pods-BeeKit_Tests.release.xcconfig */;
			buildSettings = {
				DEVELOPMENT_TEAM = 835Q4MU3RA;
				FRAMEWORK_SEARCH_PATHS = (
					"$(PLATFORM_DIR)/Developer/Library/Frameworks",
					"$(inherited)",
				);
				INFOPLIST_FILE = Tests/Info.plist;
				LD_RUNPATH_SEARCH_PATHS = "$(inherited) @executable_path/Frameworks @loader_path/Frameworks";
				PRODUCT_BUNDLE_IDENTIFIER = "org.cocoapods.$(PRODUCT_NAME:rfc1034identifier)";
				PRODUCT_NAME = "$(TARGET_NAME)";
				SWIFT_SWIFT3_OBJC_INFERENCE = Default;
				SWIFT_VERSION = 4.0;
				TEST_HOST = "$(BUILT_PRODUCTS_DIR)/BeeKit_Example.app/BeeKit_Example";
			};
			name = Release;
		};
/* End XCBuildConfiguration section */

/* Begin XCConfigurationList section */
		607FACCB1AFB9204008FA782 /* Build configuration list for PBXProject "BeeKit" */ = {
			isa = XCConfigurationList;
			buildConfigurations = (
				607FACED1AFB9204008FA782 /* Debug */,
				607FACEE1AFB9204008FA782 /* Release */,
			);
			defaultConfigurationIsVisible = 0;
			defaultConfigurationName = Release;
		};
		607FACEF1AFB9204008FA782 /* Build configuration list for PBXNativeTarget "BeeKit_Example" */ = {
			isa = XCConfigurationList;
			buildConfigurations = (
				607FACF01AFB9204008FA782 /* Debug */,
				607FACF11AFB9204008FA782 /* Release */,
			);
			defaultConfigurationIsVisible = 0;
			defaultConfigurationName = Release;
		};
		607FACF21AFB9204008FA782 /* Build configuration list for PBXNativeTarget "BeeKit_Tests" */ = {
			isa = XCConfigurationList;
			buildConfigurations = (
				607FACF31AFB9204008FA782 /* Debug */,
				607FACF41AFB9204008FA782 /* Release */,
			);
			defaultConfigurationIsVisible = 0;
			defaultConfigurationName = Release;
		};
/* End XCConfigurationList section */
	};
	rootObject = 607FACC81AFB9204008FA782 /* Project object */;
}
